// !$*UTF8*$!
{
	archiveVersion = 1;
	classes = {
	};
	objectVersion = 50;
	objects = {

/* Begin PBXAggregateTarget section */
		22F69EE620A47EB200359406 /* OneSky-Universal */ = {
			isa = PBXAggregateTarget;
			buildConfigurationList = 22F69EE720A47EB200359406 /* Build configuration list for PBXAggregateTarget "OneSky-Universal" */;
			buildPhases = (
				22F69EEA20A47EF100359406 /* Fat Framework script */,
			);
			dependencies = (
			);
			name = "OneSky-Universal";
			productName = "OneSky-Universal";
		};
/* End PBXAggregateTarget section */

/* Begin PBXBuildFile section */
		19480D318AF8894497C36F90 /* Pods_OneSkyTests.framework in Frameworks */ = {isa = PBXBuildFile; fileRef = AE6DD811BAB36A3A64DE2CD0 /* Pods_OneSkyTests.framework */; };
		224D81F420C6C6EC00EA68FF /* Constants.swift in Sources */ = {isa = PBXBuildFile; fileRef = 224D81CE20C6C6EB00EA68FF /* Constants.swift */; };
		224D81F520C6C6EC00EA68FF /* Endpoints.swift in Sources */ = {isa = PBXBuildFile; fileRef = 224D81CF20C6C6EB00EA68FF /* Endpoints.swift */; };
		224D81F620C6C6EC00EA68FF /* Decoder.swift in Sources */ = {isa = PBXBuildFile; fileRef = 224D81D120C6C6EB00EA68FF /* Decoder.swift */; };
		224D81F720C6C6EC00EA68FF /* Localization.swift in Sources */ = {isa = PBXBuildFile; fileRef = 224D81D220C6C6EB00EA68FF /* Localization.swift */; };
		224D81F820C6C6EC00EA68FF /* Locales.swift in Sources */ = {isa = PBXBuildFile; fileRef = 224D81D320C6C6EB00EA68FF /* Locales.swift */; };
		224D81F920C6C6EC00EA68FF /* UserSettings.swift in Sources */ = {isa = PBXBuildFile; fileRef = 224D81D420C6C6EB00EA68FF /* UserSettings.swift */; };
		224D81FA20C6C6EC00EA68FF /* Style.swift in Sources */ = {isa = PBXBuildFile; fileRef = 224D81D520C6C6EB00EA68FF /* Style.swift */; };
		224D81FB20C6C6EC00EA68FF /* String+Localized.swift in Sources */ = {isa = PBXBuildFile; fileRef = 224D81D620C6C6EB00EA68FF /* String+Localized.swift */; };
		224D81FC20C6C6EC00EA68FF /* configuration.php in Resources */ = {isa = PBXBuildFile; fileRef = 224D81D720C6C6EB00EA68FF /* configuration.php */; };
		224D81FD20C6C6EC00EA68FF /* SelectCellViewModel.swift in Sources */ = {isa = PBXBuildFile; fileRef = 224D81DA20C6C6EB00EA68FF /* SelectCellViewModel.swift */; };
		224D81FE20C6C6EC00EA68FF /* SelectCell.swift in Sources */ = {isa = PBXBuildFile; fileRef = 224D81DB20C6C6EB00EA68FF /* SelectCell.swift */; };
		224D81FF20C6C6EC00EA68FF /* SettingsController.swift in Sources */ = {isa = PBXBuildFile; fileRef = 224D81DC20C6C6EB00EA68FF /* SettingsController.swift */; };
		224D820020C6C6EC00EA68FF /* SettingsControllerDataManager.swift in Sources */ = {isa = PBXBuildFile; fileRef = 224D81DD20C6C6EB00EA68FF /* SettingsControllerDataManager.swift */; };
		224D820120C6C6EC00EA68FF /* AccountViewController.swift in Sources */ = {isa = PBXBuildFile; fileRef = 224D81DE20C6C6EB00EA68FF /* AccountViewController.swift */; };
		224D820220C6C6EC00EA68FF /* OneSky.swift in Sources */ = {isa = PBXBuildFile; fileRef = 224D81E020C6C6EB00EA68FF /* OneSky.swift */; };
		224D820320C6C6EC00EA68FF /* OneSkyProvider.swift in Sources */ = {isa = PBXBuildFile; fileRef = 224D81E120C6C6EB00EA68FF /* OneSkyProvider.swift */; };
		224D820420C6C6EC00EA68FF /* Ably.swift in Sources */ = {isa = PBXBuildFile; fileRef = 224D81E220C6C6EB00EA68FF /* Ably.swift */; };
		224D820520C6C6EC00EA68FF /* TransformConfiguration.swift in Sources */ = {isa = PBXBuildFile; fileRef = 224D81E420C6C6EB00EA68FF /* TransformConfiguration.swift */; };
		224D820620C6C6EC00EA68FF /* TransformUserPref.swift in Sources */ = {isa = PBXBuildFile; fileRef = 224D81E520C6C6EB00EA68FF /* TransformUserPref.swift */; };
		224D820720C6C6EC00EA68FF /* OneSkyApi.swift in Sources */ = {isa = PBXBuildFile; fileRef = 224D81E620C6C6EB00EA68FF /* OneSkyApi.swift */; };
		224D820820C6C6EC00EA68FF /* configuration.json in Resources */ = {isa = PBXBuildFile; fileRef = 224D81E720C6C6EB00EA68FF /* configuration.json */; };
		224D820920C6C6EC00EA68FF /* Array+Rearrange.swift in Sources */ = {isa = PBXBuildFile; fileRef = 224D81E820C6C6EB00EA68FF /* Array+Rearrange.swift */; };
		224D820A20C6C6EC00EA68FF /* OneSkyDelegate.swift in Sources */ = {isa = PBXBuildFile; fileRef = 224D81EA20C6C6EB00EA68FF /* OneSkyDelegate.swift */; };
		224D820B20C6C6EC00EA68FF /* ReachabilityService.swift in Sources */ = {isa = PBXBuildFile; fileRef = 224D81EC20C6C6EB00EA68FF /* ReachabilityService.swift */; };
		224D820C20C6C6EC00EA68FF /* LocalizationManager.swift in Sources */ = {isa = PBXBuildFile; fileRef = 224D81ED20C6C6EB00EA68FF /* LocalizationManager.swift */; };
		224D820D20C6C6EC00EA68FF /* RequestBuilder.swift in Sources */ = {isa = PBXBuildFile; fileRef = 224D81EE20C6C6EB00EA68FF /* RequestBuilder.swift */; };
		224D820E20C6C6EC00EA68FF /* PersistanceService.swift in Sources */ = {isa = PBXBuildFile; fileRef = 224D81EF20C6C6EB00EA68FF /* PersistanceService.swift */; };
		225BE7BA20B2A7EE0063E8D7 /* Assets.xcassets in Resources */ = {isa = PBXBuildFile; fileRef = 225BE7B920B2A7EE0063E8D7 /* Assets.xcassets */; };
		22F69ED420A47DAB00359406 /* OneSky.framework in Frameworks */ = {isa = PBXBuildFile; fileRef = 22F69ECA20A47DAB00359406 /* OneSky.framework */; };
		22F69ED920A47DAB00359406 /* OneSkyTests.swift in Sources */ = {isa = PBXBuildFile; fileRef = 22F69ED820A47DAB00359406 /* OneSkyTests.swift */; };
		22F69F4A20A9AACD00359406 /* OneSky.h in Headers */ = {isa = PBXBuildFile; fileRef = 22F69F3620A9AACD00359406 /* OneSky.h */; settings = {ATTRIBUTES = (Public, ); }; };
		22F69F5720A9AACD00359406 /* Info.plist in Resources */ = {isa = PBXBuildFile; fileRef = 22F69F4920A9AACD00359406 /* Info.plist */; };
		7AA85A14F10D76AFC761F9FA /* Pods_OneSky.framework in Frameworks */ = {isa = PBXBuildFile; fileRef = D533C2FAD0E888F19846147F /* Pods_OneSky.framework */; };
/* End PBXBuildFile section */

/* Begin PBXContainerItemProxy section */
		22F69ED520A47DAB00359406 /* PBXContainerItemProxy */ = {
			isa = PBXContainerItemProxy;
			containerPortal = 22F69EC120A47DAB00359406 /* Project object */;
			proxyType = 1;
			remoteGlobalIDString = 22F69EC920A47DAB00359406;
			remoteInfo = OneSky;
		};
/* End PBXContainerItemProxy section */

/* Begin PBXFileReference section */
		224D81CE20C6C6EB00EA68FF /* Constants.swift */ = {isa = PBXFileReference; fileEncoding = 4; lastKnownFileType = sourcecode.swift; path = Constants.swift; sourceTree = "<group>"; };
		224D81CF20C6C6EB00EA68FF /* Endpoints.swift */ = {isa = PBXFileReference; fileEncoding = 4; lastKnownFileType = sourcecode.swift; path = Endpoints.swift; sourceTree = "<group>"; };
		224D81D120C6C6EB00EA68FF /* Decoder.swift */ = {isa = PBXFileReference; fileEncoding = 4; lastKnownFileType = sourcecode.swift; path = Decoder.swift; sourceTree = "<group>"; };
		224D81D220C6C6EB00EA68FF /* Localization.swift */ = {isa = PBXFileReference; fileEncoding = 4; lastKnownFileType = sourcecode.swift; path = Localization.swift; sourceTree = "<group>"; };
		224D81D320C6C6EB00EA68FF /* Locales.swift */ = {isa = PBXFileReference; fileEncoding = 4; lastKnownFileType = sourcecode.swift; path = Locales.swift; sourceTree = "<group>"; };
		224D81D420C6C6EB00EA68FF /* UserSettings.swift */ = {isa = PBXFileReference; fileEncoding = 4; lastKnownFileType = sourcecode.swift; path = UserSettings.swift; sourceTree = "<group>"; };
		224D81D520C6C6EB00EA68FF /* Style.swift */ = {isa = PBXFileReference; fileEncoding = 4; lastKnownFileType = sourcecode.swift; path = Style.swift; sourceTree = "<group>"; };
		224D81D620C6C6EB00EA68FF /* String+Localized.swift */ = {isa = PBXFileReference; fileEncoding = 4; lastKnownFileType = sourcecode.swift; path = "String+Localized.swift"; sourceTree = "<group>"; };
		224D81D720C6C6EB00EA68FF /* configuration.php */ = {isa = PBXFileReference; fileEncoding = 4; lastKnownFileType = text.script.php; path = configuration.php; sourceTree = "<group>"; };
		224D81DA20C6C6EB00EA68FF /* SelectCellViewModel.swift */ = {isa = PBXFileReference; fileEncoding = 4; lastKnownFileType = sourcecode.swift; path = SelectCellViewModel.swift; sourceTree = "<group>"; };
		224D81DB20C6C6EB00EA68FF /* SelectCell.swift */ = {isa = PBXFileReference; fileEncoding = 4; lastKnownFileType = sourcecode.swift; path = SelectCell.swift; sourceTree = "<group>"; };
		224D81DC20C6C6EB00EA68FF /* SettingsController.swift */ = {isa = PBXFileReference; fileEncoding = 4; lastKnownFileType = sourcecode.swift; path = SettingsController.swift; sourceTree = "<group>"; };
		224D81DD20C6C6EB00EA68FF /* SettingsControllerDataManager.swift */ = {isa = PBXFileReference; fileEncoding = 4; lastKnownFileType = sourcecode.swift; path = SettingsControllerDataManager.swift; sourceTree = "<group>"; };
		224D81DE20C6C6EB00EA68FF /* AccountViewController.swift */ = {isa = PBXFileReference; fileEncoding = 4; lastKnownFileType = sourcecode.swift; path = AccountViewController.swift; sourceTree = "<group>"; };
		224D81E020C6C6EB00EA68FF /* OneSky.swift */ = {isa = PBXFileReference; fileEncoding = 4; lastKnownFileType = sourcecode.swift; path = OneSky.swift; sourceTree = "<group>"; };
		224D81E120C6C6EB00EA68FF /* OneSkyProvider.swift */ = {isa = PBXFileReference; fileEncoding = 4; lastKnownFileType = sourcecode.swift; path = OneSkyProvider.swift; sourceTree = "<group>"; };
		224D81E220C6C6EB00EA68FF /* Ably.swift */ = {isa = PBXFileReference; fileEncoding = 4; lastKnownFileType = sourcecode.swift; path = Ably.swift; sourceTree = "<group>"; };
		224D81E420C6C6EB00EA68FF /* TransformConfiguration.swift */ = {isa = PBXFileReference; fileEncoding = 4; lastKnownFileType = sourcecode.swift; path = TransformConfiguration.swift; sourceTree = "<group>"; };
		224D81E520C6C6EB00EA68FF /* TransformUserPref.swift */ = {isa = PBXFileReference; fileEncoding = 4; lastKnownFileType = sourcecode.swift; path = TransformUserPref.swift; sourceTree = "<group>"; };
		224D81E620C6C6EB00EA68FF /* OneSkyApi.swift */ = {isa = PBXFileReference; fileEncoding = 4; lastKnownFileType = sourcecode.swift; path = OneSkyApi.swift; sourceTree = "<group>"; };
		224D81E720C6C6EB00EA68FF /* configuration.json */ = {isa = PBXFileReference; fileEncoding = 4; lastKnownFileType = text.json; path = configuration.json; sourceTree = "<group>"; };
		224D81E820C6C6EB00EA68FF /* Array+Rearrange.swift */ = {isa = PBXFileReference; fileEncoding = 4; lastKnownFileType = sourcecode.swift; path = "Array+Rearrange.swift"; sourceTree = "<group>"; };
		224D81EA20C6C6EB00EA68FF /* OneSkyDelegate.swift */ = {isa = PBXFileReference; fileEncoding = 4; lastKnownFileType = sourcecode.swift; path = OneSkyDelegate.swift; sourceTree = "<group>"; };
		224D81EC20C6C6EB00EA68FF /* ReachabilityService.swift */ = {isa = PBXFileReference; fileEncoding = 4; lastKnownFileType = sourcecode.swift; path = ReachabilityService.swift; sourceTree = "<group>"; };
		224D81ED20C6C6EB00EA68FF /* LocalizationManager.swift */ = {isa = PBXFileReference; fileEncoding = 4; lastKnownFileType = sourcecode.swift; path = LocalizationManager.swift; sourceTree = "<group>"; };
		224D81EE20C6C6EB00EA68FF /* RequestBuilder.swift */ = {isa = PBXFileReference; fileEncoding = 4; lastKnownFileType = sourcecode.swift; path = RequestBuilder.swift; sourceTree = "<group>"; };
		224D81EF20C6C6EB00EA68FF /* PersistanceService.swift */ = {isa = PBXFileReference; fileEncoding = 4; lastKnownFileType = sourcecode.swift; path = PersistanceService.swift; sourceTree = "<group>"; };
		225BE7B920B2A7EE0063E8D7 /* Assets.xcassets */ = {isa = PBXFileReference; lastKnownFileType = folder.assetcatalog; path = Assets.xcassets; sourceTree = "<group>"; };
		22F69ECA20A47DAB00359406 /* OneSky.framework */ = {isa = PBXFileReference; explicitFileType = wrapper.framework; includeInIndex = 0; path = OneSky.framework; sourceTree = BUILT_PRODUCTS_DIR; };
		22F69ED320A47DAB00359406 /* OneSkyTests.xctest */ = {isa = PBXFileReference; explicitFileType = wrapper.cfbundle; includeInIndex = 0; path = OneSkyTests.xctest; sourceTree = BUILT_PRODUCTS_DIR; };
		22F69ED820A47DAB00359406 /* OneSkyTests.swift */ = {isa = PBXFileReference; lastKnownFileType = sourcecode.swift; path = OneSkyTests.swift; sourceTree = "<group>"; };
		22F69EDA20A47DAB00359406 /* Info.plist */ = {isa = PBXFileReference; lastKnownFileType = text.plist.xml; path = Info.plist; sourceTree = "<group>"; };
		22F69F3620A9AACD00359406 /* OneSky.h */ = {isa = PBXFileReference; fileEncoding = 4; lastKnownFileType = sourcecode.c.h; path = OneSky.h; sourceTree = "<group>"; };
		22F69F4920A9AACD00359406 /* Info.plist */ = {isa = PBXFileReference; fileEncoding = 4; lastKnownFileType = text.plist.xml; path = Info.plist; sourceTree = "<group>"; };
		2A537819F870BFC3677FE047 /* Pods-OneSkyTests.debug.xcconfig */ = {isa = PBXFileReference; includeInIndex = 1; lastKnownFileType = text.xcconfig; name = "Pods-OneSkyTests.debug.xcconfig"; path = "Pods/Target Support Files/Pods-OneSkyTests/Pods-OneSkyTests.debug.xcconfig"; sourceTree = "<group>"; };
		AE6DD811BAB36A3A64DE2CD0 /* Pods_OneSkyTests.framework */ = {isa = PBXFileReference; explicitFileType = wrapper.framework; includeInIndex = 0; path = Pods_OneSkyTests.framework; sourceTree = BUILT_PRODUCTS_DIR; };
		C174A0150DCE4573CB2D48AE /* Pods-OneSky.release.xcconfig */ = {isa = PBXFileReference; includeInIndex = 1; lastKnownFileType = text.xcconfig; name = "Pods-OneSky.release.xcconfig"; path = "Pods/Target Support Files/Pods-OneSky/Pods-OneSky.release.xcconfig"; sourceTree = "<group>"; };
		D533C2FAD0E888F19846147F /* Pods_OneSky.framework */ = {isa = PBXFileReference; explicitFileType = wrapper.framework; includeInIndex = 0; path = Pods_OneSky.framework; sourceTree = BUILT_PRODUCTS_DIR; };
		E636CA34EA4C7A682560BA73 /* Pods-OneSky.debug.xcconfig */ = {isa = PBXFileReference; includeInIndex = 1; lastKnownFileType = text.xcconfig; name = "Pods-OneSky.debug.xcconfig"; path = "Pods/Target Support Files/Pods-OneSky/Pods-OneSky.debug.xcconfig"; sourceTree = "<group>"; };
		EF551BB2431EF79FF460650B /* Pods-OneSkyTests.release.xcconfig */ = {isa = PBXFileReference; includeInIndex = 1; lastKnownFileType = text.xcconfig; name = "Pods-OneSkyTests.release.xcconfig"; path = "Pods/Target Support Files/Pods-OneSkyTests/Pods-OneSkyTests.release.xcconfig"; sourceTree = "<group>"; };
/* End PBXFileReference section */

/* Begin PBXFrameworksBuildPhase section */
		22F69EC620A47DAB00359406 /* Frameworks */ = {
			isa = PBXFrameworksBuildPhase;
			buildActionMask = 2147483647;
			files = (
				7AA85A14F10D76AFC761F9FA /* Pods_OneSky.framework in Frameworks */,
			);
			runOnlyForDeploymentPostprocessing = 0;
		};
		22F69ED020A47DAB00359406 /* Frameworks */ = {
			isa = PBXFrameworksBuildPhase;
			buildActionMask = 2147483647;
			files = (
				22F69ED420A47DAB00359406 /* OneSky.framework in Frameworks */,
				19480D318AF8894497C36F90 /* Pods_OneSkyTests.framework in Frameworks */,
			);
			runOnlyForDeploymentPostprocessing = 0;
		};
/* End PBXFrameworksBuildPhase section */

/* Begin PBXGroup section */
		224D81CD20C6C6EB00EA68FF /* API */ = {
			isa = PBXGroup;
			children = (
				224D81CE20C6C6EB00EA68FF /* Constants.swift */,
				224D81CF20C6C6EB00EA68FF /* Endpoints.swift */,
				224D81D020C6C6EB00EA68FF /* Structures */,
				224D81D620C6C6EB00EA68FF /* String+Localized.swift */,
				224D81D720C6C6EB00EA68FF /* configuration.php */,
				224D81D820C6C6EB00EA68FF /* Controller */,
				224D81DF20C6C6EB00EA68FF /* Manager */,
				224D81E720C6C6EB00EA68FF /* configuration.json */,
				224D81E820C6C6EB00EA68FF /* Array+Rearrange.swift */,
				224D81E920C6C6EB00EA68FF /* Delegates */,
				224D81EB20C6C6EB00EA68FF /* Services */,
			);
			path = API;
			sourceTree = "<group>";
		};
		224D81D020C6C6EB00EA68FF /* Structures */ = {
			isa = PBXGroup;
			children = (
				224D81D120C6C6EB00EA68FF /* Decoder.swift */,
				224D81D220C6C6EB00EA68FF /* Localization.swift */,
				224D81D320C6C6EB00EA68FF /* Locales.swift */,
				224D81D420C6C6EB00EA68FF /* UserSettings.swift */,
				224D81D520C6C6EB00EA68FF /* Style.swift */,
			);
			path = Structures;
			sourceTree = "<group>";
		};
		224D81D820C6C6EB00EA68FF /* Controller */ = {
			isa = PBXGroup;
			children = (
				224D81D920C6C6EB00EA68FF /* SelectCell */,
				224D81DC20C6C6EB00EA68FF /* SettingsController.swift */,
				224D81DD20C6C6EB00EA68FF /* SettingsControllerDataManager.swift */,
				224D81DE20C6C6EB00EA68FF /* AccountViewController.swift */,
			);
			path = Controller;
			sourceTree = "<group>";
		};
		224D81D920C6C6EB00EA68FF /* SelectCell */ = {
			isa = PBXGroup;
			children = (
				224D81DA20C6C6EB00EA68FF /* SelectCellViewModel.swift */,
				224D81DB20C6C6EB00EA68FF /* SelectCell.swift */,
			);
			path = SelectCell;
			sourceTree = "<group>";
		};
		224D81DF20C6C6EB00EA68FF /* Manager */ = {
			isa = PBXGroup;
			children = (
				224D81E020C6C6EB00EA68FF /* OneSky.swift */,
				224D81E120C6C6EB00EA68FF /* OneSkyProvider.swift */,
				224D81E220C6C6EB00EA68FF /* Ably.swift */,
				224D81E320C6C6EB00EA68FF /* ResponseTransformers */,
				224D81E620C6C6EB00EA68FF /* OneSkyApi.swift */,
			);
			path = Manager;
			sourceTree = "<group>";
		};
		224D81E320C6C6EB00EA68FF /* ResponseTransformers */ = {
			isa = PBXGroup;
			children = (
				224D81E420C6C6EB00EA68FF /* TransformConfiguration.swift */,
				224D81E520C6C6EB00EA68FF /* TransformUserPref.swift */,
			);
			path = ResponseTransformers;
			sourceTree = "<group>";
		};
		224D81E920C6C6EB00EA68FF /* Delegates */ = {
			isa = PBXGroup;
			children = (
				224D81EA20C6C6EB00EA68FF /* OneSkyDelegate.swift */,
			);
			path = Delegates;
			sourceTree = "<group>";
		};
		224D81EB20C6C6EB00EA68FF /* Services */ = {
			isa = PBXGroup;
			children = (
				224D81EC20C6C6EB00EA68FF /* ReachabilityService.swift */,
				224D81ED20C6C6EB00EA68FF /* LocalizationManager.swift */,
				224D81EE20C6C6EB00EA68FF /* RequestBuilder.swift */,
				224D81EF20C6C6EB00EA68FF /* PersistanceService.swift */,
			);
			path = Services;
			sourceTree = "<group>";
		};
		22F69EC020A47DAB00359406 = {
			isa = PBXGroup;
			children = (
				22F69F3520A9AACD00359406 /* OneSky */,
				22F69ED720A47DAB00359406 /* OneSkyTests */,
				22F69ECB20A47DAB00359406 /* Products */,
				673AF6A35C273BC76D666151 /* Pods */,
				603A3C1EB6998C81A193255D /* Frameworks */,
			);
			sourceTree = "<group>";
		};
		22F69ECB20A47DAB00359406 /* Products */ = {
			isa = PBXGroup;
			children = (
				22F69ECA20A47DAB00359406 /* OneSky.framework */,
				22F69ED320A47DAB00359406 /* OneSkyTests.xctest */,
			);
			name = Products;
			sourceTree = "<group>";
		};
		22F69ED720A47DAB00359406 /* OneSkyTests */ = {
			isa = PBXGroup;
			children = (
				22F69ED820A47DAB00359406 /* OneSkyTests.swift */,
				22F69EDA20A47DAB00359406 /* Info.plist */,
			);
			path = OneSkyTests;
			sourceTree = "<group>";
		};
		22F69F3520A9AACD00359406 /* OneSky */ = {
			isa = PBXGroup;
			children = (
				224D81CD20C6C6EB00EA68FF /* API */,
				225BE7B920B2A7EE0063E8D7 /* Assets.xcassets */,
				22F69F3620A9AACD00359406 /* OneSky.h */,
				22F69F4920A9AACD00359406 /* Info.plist */,
			);
			path = OneSky;
			sourceTree = "<group>";
		};
		603A3C1EB6998C81A193255D /* Frameworks */ = {
			isa = PBXGroup;
			children = (
				D533C2FAD0E888F19846147F /* Pods_OneSky.framework */,
				AE6DD811BAB36A3A64DE2CD0 /* Pods_OneSkyTests.framework */,
			);
			name = Frameworks;
			sourceTree = "<group>";
		};
		673AF6A35C273BC76D666151 /* Pods */ = {
			isa = PBXGroup;
			children = (
				E636CA34EA4C7A682560BA73 /* Pods-OneSky.debug.xcconfig */,
				C174A0150DCE4573CB2D48AE /* Pods-OneSky.release.xcconfig */,
				2A537819F870BFC3677FE047 /* Pods-OneSkyTests.debug.xcconfig */,
				EF551BB2431EF79FF460650B /* Pods-OneSkyTests.release.xcconfig */,
			);
			name = Pods;
			sourceTree = "<group>";
		};
/* End PBXGroup section */

/* Begin PBXHeadersBuildPhase section */
		22F69EC720A47DAB00359406 /* Headers */ = {
			isa = PBXHeadersBuildPhase;
			buildActionMask = 2147483647;
			files = (
				22F69F4A20A9AACD00359406 /* OneSky.h in Headers */,
			);
			runOnlyForDeploymentPostprocessing = 0;
		};
/* End PBXHeadersBuildPhase section */

/* Begin PBXNativeTarget section */
		22F69EC920A47DAB00359406 /* OneSky */ = {
			isa = PBXNativeTarget;
			buildConfigurationList = 22F69EDE20A47DAB00359406 /* Build configuration list for PBXNativeTarget "OneSky" */;
			buildPhases = (
				2214E57020BEB3A800A911A7 /* php script */,
				2214E57120BEB3CB00A911A7 /* Download configuration json file from server */,
				6AD687CAAD28518580CFFF40 /* [CP] Check Pods Manifest.lock */,
				22F69EC520A47DAB00359406 /* Sources */,
				22F69EC620A47DAB00359406 /* Frameworks */,
				22F69EC720A47DAB00359406 /* Headers */,
				22F69EC820A47DAB00359406 /* Resources */,
			);
			buildRules = (
			);
			dependencies = (
			);
			name = OneSky;
			productName = OneSky;
			productReference = 22F69ECA20A47DAB00359406 /* OneSky.framework */;
			productType = "com.apple.product-type.framework";
		};
		22F69ED220A47DAB00359406 /* OneSkyTests */ = {
			isa = PBXNativeTarget;
			buildConfigurationList = 22F69EE120A47DAB00359406 /* Build configuration list for PBXNativeTarget "OneSkyTests" */;
			buildPhases = (
				3EA4A4C8D799B916C2E58532 /* [CP] Check Pods Manifest.lock */,
				22F69ECF20A47DAB00359406 /* Sources */,
				22F69ED020A47DAB00359406 /* Frameworks */,
				22F69ED120A47DAB00359406 /* Resources */,
				35D69D8A957F7999BD679695 /* [CP] Embed Pods Frameworks */,
			);
			buildRules = (
			);
			dependencies = (
				22F69ED620A47DAB00359406 /* PBXTargetDependency */,
			);
			name = OneSkyTests;
			productName = OneSkyTests;
			productReference = 22F69ED320A47DAB00359406 /* OneSkyTests.xctest */;
			productType = "com.apple.product-type.bundle.unit-test";
		};
/* End PBXNativeTarget section */

/* Begin PBXProject section */
		22F69EC120A47DAB00359406 /* Project object */ = {
			isa = PBXProject;
			attributes = {
				LastSwiftUpdateCheck = 0930;
				LastUpgradeCheck = 0930;
				ORGANIZATIONNAME = "Daniil Vorobyev";
				TargetAttributes = {
					22F69EC920A47DAB00359406 = {
						CreatedOnToolsVersion = 9.3;
						LastSwiftMigration = 0930;
					};
					22F69ED220A47DAB00359406 = {
						CreatedOnToolsVersion = 9.3;
					};
					22F69EE620A47EB200359406 = {
						CreatedOnToolsVersion = 9.3;
					};
				};
			};
			buildConfigurationList = 22F69EC420A47DAB00359406 /* Build configuration list for PBXProject "OneSky" */;
			compatibilityVersion = "Xcode 9.3";
			developmentRegion = en;
			hasScannedForEncodings = 0;
			knownRegions = (
				en,
				ru,
				ar,
			);
			mainGroup = 22F69EC020A47DAB00359406;
			productRefGroup = 22F69ECB20A47DAB00359406 /* Products */;
			projectDirPath = "";
			projectRoot = "";
			targets = (
				22F69EC920A47DAB00359406 /* OneSky */,
				22F69ED220A47DAB00359406 /* OneSkyTests */,
				22F69EE620A47EB200359406 /* OneSky-Universal */,
			);
		};
/* End PBXProject section */

/* Begin PBXResourcesBuildPhase section */
		22F69EC820A47DAB00359406 /* Resources */ = {
			isa = PBXResourcesBuildPhase;
			buildActionMask = 2147483647;
			files = (
				22F69F5720A9AACD00359406 /* Info.plist in Resources */,
				225BE7BA20B2A7EE0063E8D7 /* Assets.xcassets in Resources */,
				224D820820C6C6EC00EA68FF /* configuration.json in Resources */,
				224D81FC20C6C6EC00EA68FF /* configuration.php in Resources */,
			);
			runOnlyForDeploymentPostprocessing = 0;
		};
		22F69ED120A47DAB00359406 /* Resources */ = {
			isa = PBXResourcesBuildPhase;
			buildActionMask = 2147483647;
			files = (
			);
			runOnlyForDeploymentPostprocessing = 0;
		};
/* End PBXResourcesBuildPhase section */

/* Begin PBXShellScriptBuildPhase section */
		2214E57020BEB3A800A911A7 /* php script */ = {
			isa = PBXShellScriptBuildPhase;
			buildActionMask = 2147483647;
			files = (
			);
			inputPaths = (
			);
			name = "php script";
			outputPaths = (
			);
			runOnlyForDeploymentPostprocessing = 0;
			shellPath = /bin/sh;
			shellScript = "php ./OneSky/API/configuration.php -- \"${TARGET_BUILD_DIR}/${UNLOCALIZED_RESOURCES_FOLDER_PATH}/\"";
		};
		2214E57120BEB3CB00A911A7 /* Download configuration json file from server */ = {
			isa = PBXShellScriptBuildPhase;
			buildActionMask = 2147483647;
			files = (
			);
			inputPaths = (
			);
			name = "Download configuration json file from server";
			outputPaths = (
			);
			runOnlyForDeploymentPostprocessing = 0;
			shellPath = /bin/sh;
			shellScript = "#if [ \"${CONFIGURATION}\" = \"Debug\" ]; then\nMYFILE=${SRCROOT}/OneSky/Api/configuration.json\ncurl -o $MYFILE https://app-api.oneskyhq-stag.com/v1/apps/cfad03c9-0071-4de4-a58c-71a0d4cd9f31\ncp \"${SRCROOT}/OneSky/Api/configuration.json\"  \"${TARGET_BUILD_DIR}/${UNLOCALIZED_RESOURCES_FOLDER_PATH}/configuration.json\"\n#fi";
		};
		22F69EEA20A47EF100359406 /* Fat Framework script */ = {
			isa = PBXShellScriptBuildPhase;
			buildActionMask = 2147483647;
			files = (
			);
			inputPaths = (
			);
			name = "Fat Framework script";
			outputPaths = (
			);
			runOnlyForDeploymentPostprocessing = 0;
			shellPath = /bin/sh;
			shellScript = "# 1\n# Set bash script to exit immediately if any commands fail.\nset -e\n# 2\n# Setup some constants for use later on.\nFRAMEWORK_NAME=\"OneSky\"\nOUTPUT_DIR=\"${SRCROOT}/build\"\n# 3\n# If remnants from a previous build exist, delete them.\nif [ -d \"${OUTPUT_DIR}\" ]; then\nrm -rf \"${OUTPUT_DIR}\"\nfi\n# 4\n# Build the framework for device and for simulator (using\n# all needed architectures).\nxcodebuild -workspace \"${FRAMEWORK_NAME}.xcworkspace\" -scheme \"${FRAMEWORK_NAME}\" -configuration Release -arch arm64 -arch armv7 -arch armv7s only_active_arch=no defines_module=yes -sdk \"iphoneos\" -derivedDataPath \"${OUTPUT_DIR}\"\nxcodebuild -workspace \"${FRAMEWORK_NAME}.xcworkspace\" -scheme \"${FRAMEWORK_NAME}\" -configuration Release -arch x86_64 -arch i386 only_active_arch=no defines_module=yes -sdk \"iphonesimulator\" -derivedDataPath \"${OUTPUT_DIR}\"\n# 5\n# Remove .framework file if exists from previous run.\nif [ -d \"${OUTPUT_DIR}/${FRAMEWORK_NAME}.framework\" ]; then\nrm -rf \"${OUTPUT_DIR}/${FRAMEWORK_NAME}.framework\"\nfi\n# 6\n# Copy the device version of framework.\ncp -r \"${OUTPUT_DIR}/Build/Products/Release-iphoneos/${FRAMEWORK_NAME}.framework\" \"${OUTPUT_DIR}/${FRAMEWORK_NAME}.framework\"\n# 7\n# Replace the framework executable within the framework with\n# a new version created by merging the device and simulator\n# frameworks' executables with lipo.\nlipo -create -output \"${OUTPUT_DIR}/${FRAMEWORK_NAME}.framework/${FRAMEWORK_NAME}\" \"${OUTPUT_DIR}/Build/Products/Release-iphoneos/${FRAMEWORK_NAME}.framework/${FRAMEWORK_NAME}\" \"${OUTPUT_DIR}/Build/Products/Release-iphonesimulator/${FRAMEWORK_NAME}.framework/${FRAMEWORK_NAME}\"\n# 8\n# Copy the Swift module mappings for the simulator into the\n# framework. The device mappings already exist from step 6.\ncp -r \"${OUTPUT_DIR}/Build/Products/Release-iphonesimulator/${FRAMEWORK_NAME}.framework/Modules/${FRAMEWORK_NAME}.swiftmodule/\" \"${OUTPUT_DIR}/${FRAMEWORK_NAME}.framework/Modules/${FRAMEWORK_NAME}.swiftmodule\"";
		};
		35D69D8A957F7999BD679695 /* [CP] Embed Pods Frameworks */ = {
			isa = PBXShellScriptBuildPhase;
			buildActionMask = 2147483647;
			files = (
			);
			inputPaths = (
				"${SRCROOT}/Pods/Target Support Files/Pods-OneSkyTests/Pods-OneSkyTests-frameworks.sh",
				"${BUILT_PRODUCTS_DIR}/Ably/Ably.framework",
				"${BUILT_PRODUCTS_DIR}/KSCrashAblyFork/KSCrashAblyFork.framework",
				"${BUILT_PRODUCTS_DIR}/Siesta/Siesta.framework",
				"${BUILT_PRODUCTS_DIR}/SocketRocket/SocketRocket.framework",
				"${BUILT_PRODUCTS_DIR}/msgpack/msgpack.framework",
			);
			name = "[CP] Embed Pods Frameworks";
			outputPaths = (
				"${TARGET_BUILD_DIR}/${FRAMEWORKS_FOLDER_PATH}/Ably.framework",
				"${TARGET_BUILD_DIR}/${FRAMEWORKS_FOLDER_PATH}/KSCrashAblyFork.framework",
				"${TARGET_BUILD_DIR}/${FRAMEWORKS_FOLDER_PATH}/Siesta.framework",
				"${TARGET_BUILD_DIR}/${FRAMEWORKS_FOLDER_PATH}/SocketRocket.framework",
				"${TARGET_BUILD_DIR}/${FRAMEWORKS_FOLDER_PATH}/msgpack.framework",
			);
			runOnlyForDeploymentPostprocessing = 0;
			shellPath = /bin/sh;
			shellScript = "\"${SRCROOT}/Pods/Target Support Files/Pods-OneSkyTests/Pods-OneSkyTests-frameworks.sh\"\n";
			showEnvVarsInLog = 0;
		};
		3EA4A4C8D799B916C2E58532 /* [CP] Check Pods Manifest.lock */ = {
			isa = PBXShellScriptBuildPhase;
			buildActionMask = 2147483647;
			files = (
			);
			inputPaths = (
				"${PODS_PODFILE_DIR_PATH}/Podfile.lock",
				"${PODS_ROOT}/Manifest.lock",
			);
			name = "[CP] Check Pods Manifest.lock";
			outputPaths = (
				"$(DERIVED_FILE_DIR)/Pods-OneSkyTests-checkManifestLockResult.txt",
			);
			runOnlyForDeploymentPostprocessing = 0;
			shellPath = /bin/sh;
			shellScript = "diff \"${PODS_PODFILE_DIR_PATH}/Podfile.lock\" \"${PODS_ROOT}/Manifest.lock\" > /dev/null\nif [ $? != 0 ] ; then\n    # print error to STDERR\n    echo \"error: The sandbox is not in sync with the Podfile.lock. Run 'pod install' or update your CocoaPods installation.\" >&2\n    exit 1\nfi\n# This output is used by Xcode 'outputs' to avoid re-running this script phase.\necho \"SUCCESS\" > \"${SCRIPT_OUTPUT_FILE_0}\"\n";
			showEnvVarsInLog = 0;
		};
		6AD687CAAD28518580CFFF40 /* [CP] Check Pods Manifest.lock */ = {
			isa = PBXShellScriptBuildPhase;
			buildActionMask = 2147483647;
			files = (
			);
			inputPaths = (
				"${PODS_PODFILE_DIR_PATH}/Podfile.lock",
				"${PODS_ROOT}/Manifest.lock",
			);
			name = "[CP] Check Pods Manifest.lock";
			outputPaths = (
				"$(DERIVED_FILE_DIR)/Pods-OneSky-checkManifestLockResult.txt",
			);
			runOnlyForDeploymentPostprocessing = 0;
			shellPath = /bin/sh;
			shellScript = "diff \"${PODS_PODFILE_DIR_PATH}/Podfile.lock\" \"${PODS_ROOT}/Manifest.lock\" > /dev/null\nif [ $? != 0 ] ; then\n    # print error to STDERR\n    echo \"error: The sandbox is not in sync with the Podfile.lock. Run 'pod install' or update your CocoaPods installation.\" >&2\n    exit 1\nfi\n# This output is used by Xcode 'outputs' to avoid re-running this script phase.\necho \"SUCCESS\" > \"${SCRIPT_OUTPUT_FILE_0}\"\n";
			showEnvVarsInLog = 0;
		};
/* End PBXShellScriptBuildPhase section */

/* Begin PBXSourcesBuildPhase section */
		22F69EC520A47DAB00359406 /* Sources */ = {
			isa = PBXSourcesBuildPhase;
			buildActionMask = 2147483647;
			files = (
				224D81F520C6C6EC00EA68FF /* Endpoints.swift in Sources */,
				224D820920C6C6EC00EA68FF /* Array+Rearrange.swift in Sources */,
				224D81FE20C6C6EC00EA68FF /* SelectCell.swift in Sources */,
				224D820220C6C6EC00EA68FF /* OneSky.swift in Sources */,
				224D820120C6C6EC00EA68FF /* AccountViewController.swift in Sources */,
				224D81F920C6C6EC00EA68FF /* UserSettings.swift in Sources */,
				224D820720C6C6EC00EA68FF /* OneSkyApi.swift in Sources */,
				224D81FB20C6C6EC00EA68FF /* String+Localized.swift in Sources */,
				224D820620C6C6EC00EA68FF /* TransformUserPref.swift in Sources */,
				224D820020C6C6EC00EA68FF /* SettingsControllerDataManager.swift in Sources */,
				224D820520C6C6EC00EA68FF /* TransformConfiguration.swift in Sources */,
				224D81FD20C6C6EC00EA68FF /* SelectCellViewModel.swift in Sources */,
				224D81FF20C6C6EC00EA68FF /* SettingsController.swift in Sources */,
				224D820C20C6C6EC00EA68FF /* LocalizationManager.swift in Sources */,
				224D81F620C6C6EC00EA68FF /* Decoder.swift in Sources */,
				224D820D20C6C6EC00EA68FF /* RequestBuilder.swift in Sources */,
				224D820320C6C6EC00EA68FF /* OneSkyProvider.swift in Sources */,
				224D81F720C6C6EC00EA68FF /* Localization.swift in Sources */,
				224D820A20C6C6EC00EA68FF /* OneSkyDelegate.swift in Sources */,
				224D820E20C6C6EC00EA68FF /* PersistanceService.swift in Sources */,
				224D81F820C6C6EC00EA68FF /* Locales.swift in Sources */,
				224D820420C6C6EC00EA68FF /* Ably.swift in Sources */,
				224D81FA20C6C6EC00EA68FF /* Style.swift in Sources */,
				224D820B20C6C6EC00EA68FF /* ReachabilityService.swift in Sources */,
				224D81F420C6C6EC00EA68FF /* Constants.swift in Sources */,
			);
			runOnlyForDeploymentPostprocessing = 0;
		};
		22F69ECF20A47DAB00359406 /* Sources */ = {
			isa = PBXSourcesBuildPhase;
			buildActionMask = 2147483647;
			files = (
				22F69ED920A47DAB00359406 /* OneSkyTests.swift in Sources */,
			);
			runOnlyForDeploymentPostprocessing = 0;
		};
/* End PBXSourcesBuildPhase section */

/* Begin PBXTargetDependency section */
		22F69ED620A47DAB00359406 /* PBXTargetDependency */ = {
			isa = PBXTargetDependency;
			target = 22F69EC920A47DAB00359406 /* OneSky */;
			targetProxy = 22F69ED520A47DAB00359406 /* PBXContainerItemProxy */;
		};
/* End PBXTargetDependency section */

/* Begin XCBuildConfiguration section */
		22F69EDC20A47DAB00359406 /* Debug */ = {
			isa = XCBuildConfiguration;
			buildSettings = {
				ALWAYS_SEARCH_USER_PATHS = NO;
				CLANG_ANALYZER_NONNULL = YES;
				CLANG_ANALYZER_NUMBER_OBJECT_CONVERSION = YES_AGGRESSIVE;
				CLANG_CXX_LANGUAGE_STANDARD = "gnu++14";
				CLANG_CXX_LIBRARY = "libc++";
				CLANG_ENABLE_MODULES = YES;
				CLANG_ENABLE_OBJC_ARC = YES;
				CLANG_ENABLE_OBJC_WEAK = YES;
				CLANG_WARN_BLOCK_CAPTURE_AUTORELEASING = YES;
				CLANG_WARN_BOOL_CONVERSION = YES;
				CLANG_WARN_COMMA = YES;
				CLANG_WARN_CONSTANT_CONVERSION = YES;
				CLANG_WARN_DEPRECATED_OBJC_IMPLEMENTATIONS = YES;
				CLANG_WARN_DIRECT_OBJC_ISA_USAGE = YES_ERROR;
				CLANG_WARN_DOCUMENTATION_COMMENTS = YES;
				CLANG_WARN_EMPTY_BODY = YES;
				CLANG_WARN_ENUM_CONVERSION = YES;
				CLANG_WARN_INFINITE_RECURSION = YES;
				CLANG_WARN_INT_CONVERSION = YES;
				CLANG_WARN_NON_LITERAL_NULL_CONVERSION = YES;
				CLANG_WARN_OBJC_IMPLICIT_RETAIN_SELF = YES;
				CLANG_WARN_OBJC_LITERAL_CONVERSION = YES;
				CLANG_WARN_OBJC_ROOT_CLASS = YES_ERROR;
				CLANG_WARN_RANGE_LOOP_ANALYSIS = YES;
				CLANG_WARN_STRICT_PROTOTYPES = YES;
				CLANG_WARN_SUSPICIOUS_MOVE = YES;
				CLANG_WARN_UNGUARDED_AVAILABILITY = YES_AGGRESSIVE;
				CLANG_WARN_UNREACHABLE_CODE = YES;
				CLANG_WARN__DUPLICATE_METHOD_MATCH = YES;
				CODE_SIGN_IDENTITY = "iPhone Developer";
				COPY_PHASE_STRIP = NO;
				CURRENT_PROJECT_VERSION = 1;
				DEBUG_INFORMATION_FORMAT = dwarf;
				ENABLE_STRICT_OBJC_MSGSEND = YES;
				ENABLE_TESTABILITY = YES;
				GCC_C_LANGUAGE_STANDARD = gnu11;
				GCC_DYNAMIC_NO_PIC = NO;
				GCC_NO_COMMON_BLOCKS = YES;
				GCC_OPTIMIZATION_LEVEL = 0;
				GCC_PREPROCESSOR_DEFINITIONS = (
					"DEBUG=1",
					"$(inherited)",
				);
				GCC_WARN_64_TO_32_BIT_CONVERSION = YES;
				GCC_WARN_ABOUT_RETURN_TYPE = YES_ERROR;
				GCC_WARN_UNDECLARED_SELECTOR = YES;
				GCC_WARN_UNINITIALIZED_AUTOS = YES_AGGRESSIVE;
				GCC_WARN_UNUSED_FUNCTION = YES;
				GCC_WARN_UNUSED_VARIABLE = YES;
				IPHONEOS_DEPLOYMENT_TARGET = 10.0;
				MTL_ENABLE_DEBUG_INFO = YES;
				ONLY_ACTIVE_ARCH = YES;
				SDKROOT = iphoneos;
				SWIFT_ACTIVE_COMPILATION_CONDITIONS = DEBUG;
				SWIFT_OPTIMIZATION_LEVEL = "-Onone";
				VERSIONING_SYSTEM = "apple-generic";
				VERSION_INFO_PREFIX = "";
			};
			name = Debug;
		};
		22F69EDD20A47DAB00359406 /* Release */ = {
			isa = XCBuildConfiguration;
			buildSettings = {
				ALWAYS_SEARCH_USER_PATHS = NO;
				CLANG_ANALYZER_NONNULL = YES;
				CLANG_ANALYZER_NUMBER_OBJECT_CONVERSION = YES_AGGRESSIVE;
				CLANG_CXX_LANGUAGE_STANDARD = "gnu++14";
				CLANG_CXX_LIBRARY = "libc++";
				CLANG_ENABLE_MODULES = YES;
				CLANG_ENABLE_OBJC_ARC = YES;
				CLANG_ENABLE_OBJC_WEAK = YES;
				CLANG_WARN_BLOCK_CAPTURE_AUTORELEASING = YES;
				CLANG_WARN_BOOL_CONVERSION = YES;
				CLANG_WARN_COMMA = YES;
				CLANG_WARN_CONSTANT_CONVERSION = YES;
				CLANG_WARN_DEPRECATED_OBJC_IMPLEMENTATIONS = YES;
				CLANG_WARN_DIRECT_OBJC_ISA_USAGE = YES_ERROR;
				CLANG_WARN_DOCUMENTATION_COMMENTS = YES;
				CLANG_WARN_EMPTY_BODY = YES;
				CLANG_WARN_ENUM_CONVERSION = YES;
				CLANG_WARN_INFINITE_RECURSION = YES;
				CLANG_WARN_INT_CONVERSION = YES;
				CLANG_WARN_NON_LITERAL_NULL_CONVERSION = YES;
				CLANG_WARN_OBJC_IMPLICIT_RETAIN_SELF = YES;
				CLANG_WARN_OBJC_LITERAL_CONVERSION = YES;
				CLANG_WARN_OBJC_ROOT_CLASS = YES_ERROR;
				CLANG_WARN_RANGE_LOOP_ANALYSIS = YES;
				CLANG_WARN_STRICT_PROTOTYPES = YES;
				CLANG_WARN_SUSPICIOUS_MOVE = YES;
				CLANG_WARN_UNGUARDED_AVAILABILITY = YES_AGGRESSIVE;
				CLANG_WARN_UNREACHABLE_CODE = YES;
				CLANG_WARN__DUPLICATE_METHOD_MATCH = YES;
				CODE_SIGN_IDENTITY = "iPhone Developer";
				COPY_PHASE_STRIP = NO;
				CURRENT_PROJECT_VERSION = 1;
				DEBUG_INFORMATION_FORMAT = "dwarf-with-dsym";
				ENABLE_NS_ASSERTIONS = NO;
				ENABLE_STRICT_OBJC_MSGSEND = YES;
				GCC_C_LANGUAGE_STANDARD = gnu11;
				GCC_NO_COMMON_BLOCKS = YES;
				GCC_WARN_64_TO_32_BIT_CONVERSION = YES;
				GCC_WARN_ABOUT_RETURN_TYPE = YES_ERROR;
				GCC_WARN_UNDECLARED_SELECTOR = YES;
				GCC_WARN_UNINITIALIZED_AUTOS = YES_AGGRESSIVE;
				GCC_WARN_UNUSED_FUNCTION = YES;
				GCC_WARN_UNUSED_VARIABLE = YES;
				IPHONEOS_DEPLOYMENT_TARGET = 10.0;
				MTL_ENABLE_DEBUG_INFO = NO;
				SDKROOT = iphoneos;
				SWIFT_COMPILATION_MODE = wholemodule;
				SWIFT_OPTIMIZATION_LEVEL = "-O";
				VALIDATE_PRODUCT = YES;
				VERSIONING_SYSTEM = "apple-generic";
				VERSION_INFO_PREFIX = "";
			};
			name = Release;
		};
		22F69EDF20A47DAB00359406 /* Debug */ = {
			isa = XCBuildConfiguration;
			baseConfigurationReference = E636CA34EA4C7A682560BA73 /* Pods-OneSky.debug.xcconfig */;
			buildSettings = {
				CLANG_ENABLE_MODULES = YES;
				CODE_SIGN_IDENTITY = "iPhone Developer";
				CODE_SIGN_STYLE = Automatic;
				DEFINES_MODULE = YES;
				DEVELOPMENT_TEAM = 3A42PGL7M3;
				DYLIB_COMPATIBILITY_VERSION = 1;
				DYLIB_CURRENT_VERSION = 1;
				DYLIB_INSTALL_NAME_BASE = "@rpath";
				INFOPLIST_FILE = OneSky/Info.plist;
				INSTALL_PATH = "$(LOCAL_LIBRARY_DIR)/Frameworks";
				IPHONEOS_DEPLOYMENT_TARGET = 10.0;
				LD_RUNPATH_SEARCH_PATHS = (
					"$(inherited)",
					"@executable_path/Frameworks",
					"@loader_path/Frameworks",
				);
				PRODUCT_BUNDLE_IDENTIFIER = "com.umbrella-web.OneSky";
				PRODUCT_NAME = "$(TARGET_NAME:c99extidentifier)";
				PROVISIONING_PROFILE_SPECIFIER = "";
				SKIP_INSTALL = YES;
				SWIFT_OPTIMIZATION_LEVEL = "-Onone";
				SWIFT_VERSION = 4.0;
				TARGETED_DEVICE_FAMILY = "1,2";
			};
			name = Debug;
		};
		22F69EE020A47DAB00359406 /* Release */ = {
			isa = XCBuildConfiguration;
			baseConfigurationReference = C174A0150DCE4573CB2D48AE /* Pods-OneSky.release.xcconfig */;
			buildSettings = {
				CLANG_ENABLE_MODULES = YES;
				CODE_SIGN_IDENTITY = "iPhone Developer";
				CODE_SIGN_STYLE = Automatic;
				DEFINES_MODULE = YES;
				DEVELOPMENT_TEAM = 3A42PGL7M3;
				DYLIB_COMPATIBILITY_VERSION = 1;
				DYLIB_CURRENT_VERSION = 1;
				DYLIB_INSTALL_NAME_BASE = "@rpath";
				INFOPLIST_FILE = OneSky/Info.plist;
				INSTALL_PATH = "$(LOCAL_LIBRARY_DIR)/Frameworks";
				IPHONEOS_DEPLOYMENT_TARGET = 10.0;
				LD_RUNPATH_SEARCH_PATHS = (
					"$(inherited)",
					"@executable_path/Frameworks",
					"@loader_path/Frameworks",
				);
				PRODUCT_BUNDLE_IDENTIFIER = "com.umbrella-web.OneSky";
				PRODUCT_NAME = "$(TARGET_NAME:c99extidentifier)";
				PROVISIONING_PROFILE_SPECIFIER = "";
				SKIP_INSTALL = YES;
				SWIFT_VERSION = 4.0;
				TARGETED_DEVICE_FAMILY = "1,2";
			};
			name = Release;
		};
		22F69EE220A47DAB00359406 /* Debug */ = {
			isa = XCBuildConfiguration;
			baseConfigurationReference = 2A537819F870BFC3677FE047 /* Pods-OneSkyTests.debug.xcconfig */;
			buildSettings = {
				ALWAYS_EMBED_SWIFT_STANDARD_LIBRARIES = YES;
				CODE_SIGN_STYLE = Automatic;
				DEVELOPMENT_TEAM = 3A42PGL7M3;
				INFOPLIST_FILE = OneSkyTests/Info.plist;
				LD_RUNPATH_SEARCH_PATHS = (
					"$(inherited)",
					"@executable_path/Frameworks",
					"@loader_path/Frameworks",
				);
				PRODUCT_BUNDLE_IDENTIFIER = "com.umbrella-web.OneSkyTests";
				PRODUCT_NAME = "$(TARGET_NAME)";
				SWIFT_VERSION = 4.0;
				TARGETED_DEVICE_FAMILY = "1,2";
			};
			name = Debug;
		};
		22F69EE320A47DAB00359406 /* Release */ = {
			isa = XCBuildConfiguration;
			baseConfigurationReference = EF551BB2431EF79FF460650B /* Pods-OneSkyTests.release.xcconfig */;
			buildSettings = {
				ALWAYS_EMBED_SWIFT_STANDARD_LIBRARIES = YES;
				CODE_SIGN_STYLE = Automatic;
				DEVELOPMENT_TEAM = 3A42PGL7M3;
				INFOPLIST_FILE = OneSkyTests/Info.plist;
				LD_RUNPATH_SEARCH_PATHS = (
					"$(inherited)",
					"@executable_path/Frameworks",
					"@loader_path/Frameworks",
				);
				PRODUCT_BUNDLE_IDENTIFIER = "com.umbrella-web.OneSkyTests";
				PRODUCT_NAME = "$(TARGET_NAME)";
				SWIFT_VERSION = 4.0;
				TARGETED_DEVICE_FAMILY = "1,2";
			};
			name = Release;
		};
		22F69EE820A47EB200359406 /* Debug */ = {
			isa = XCBuildConfiguration;
			buildSettings = {
				CODE_SIGN_STYLE = Automatic;
				DEVELOPMENT_TEAM = 3A42PGL7M3;
				PRODUCT_NAME = "$(TARGET_NAME)";
			};
			name = Debug;
		};
		22F69EE920A47EB200359406 /* Release */ = {
			isa = XCBuildConfiguration;
			buildSettings = {
				CODE_SIGN_STYLE = Automatic;
				DEVELOPMENT_TEAM = 3A42PGL7M3;
				PRODUCT_NAME = "$(TARGET_NAME)";
			};
			name = Release;
		};
/* End XCBuildConfiguration section */

/* Begin XCConfigurationList section */
		22F69EC420A47DAB00359406 /* Build configuration list for PBXProject "OneSky" */ = {
			isa = XCConfigurationList;
			buildConfigurations = (
				22F69EDC20A47DAB00359406 /* Debug */,
				22F69EDD20A47DAB00359406 /* Release */,
			);
			defaultConfigurationIsVisible = 0;
			defaultConfigurationName = Release;
		};
		22F69EDE20A47DAB00359406 /* Build configuration list for PBXNativeTarget "OneSky" */ = {
			isa = XCConfigurationList;
			buildConfigurations = (
				22F69EDF20A47DAB00359406 /* Debug */,
				22F69EE020A47DAB00359406 /* Release */,
			);
			defaultConfigurationIsVisible = 0;
			defaultConfigurationName = Release;
		};
		22F69EE120A47DAB00359406 /* Build configuration list for PBXNativeTarget "OneSkyTests" */ = {
			isa = XCConfigurationList;
			buildConfigurations = (
				22F69EE220A47DAB00359406 /* Debug */,
				22F69EE320A47DAB00359406 /* Release */,
			);
			defaultConfigurationIsVisible = 0;
			defaultConfigurationName = Release;
		};
		22F69EE720A47EB200359406 /* Build configuration list for PBXAggregateTarget "OneSky-Universal" */ = {
			isa = XCConfigurationList;
			buildConfigurations = (
				22F69EE820A47EB200359406 /* Debug */,
				22F69EE920A47EB200359406 /* Release */,
			);
			defaultConfigurationIsVisible = 0;
			defaultConfigurationName = Release;
		};
/* End XCConfigurationList section */
	};
	rootObject = 22F69EC120A47DAB00359406 /* Project object */;
}
